
Microsoft Visual Studio Solution File, Format Version 12.00
# Visual Studio Version 17
VisualStudioVersion = 17.4.33213.308
MinimumVisualStudioVersion = 10.0.40219.1
Project("{FAE04EC0-301F-11D3-BF4B-00C04F79EFBC}") = "book_test_api", "book_test_api\book_test_api.csproj", "{7466AE9F-BDE3-4094-9480-70C604D26E98}"
EndProject
Global
	GlobalSection(SolutionConfigurationPlatforms) = preSolution
		Debug|Any CPU = Debug|Any CPU
		Release|Any CPU = Release|Any CPU
	EndGlobalSection
	GlobalSection(ProjectConfigurationPlatforms) = postSolution
		{7466AE9F-BDE3-4094-9480-70C604D26E98}.Debug|Any CPU.ActiveCfg = Debug|Any CPU
		{7466AE9F-BDE3-4094-9480-70C604D26E98}.Debug|Any CPU.Build.0 = Debug|Any CPU
		{7466AE9F-BDE3-4094-9480-70C604D26E98}.Release|Any CPU.ActiveCfg = Release|Any CPU
		{7466AE9F-BDE3-4094-9480-70C604D26E98}.Release|Any CPU.Build.0 = Release|Any CPU
	EndGlobalSection
	GlobalSection(SolutionProperties) = preSolution
		HideSolutionNode = FALSE
	EndGlobalSection
	GlobalSection(ExtensibilityGlobals) = postSolution
		SolutionGuid = {4632FC28-D215-4CF4-88DB-0FFC2F21F8B9}
	EndGlobalSection
EndGlobal
